// !$*UTF8*$!
{
	archiveVersion = 1;
	classes = {
	};
	objectVersion = 50;
	objects = {

/* Begin PBXBuildFile section */
		1A170474238EDFD6006726E1 /* main.cpp in Sources */ = {isa = PBXBuildFile; fileRef = 1A170473238EDFD6006726E1 /* main.cpp */; };
		1A47E8C62392C2330085C93A /* libgeojson.a in Frameworks */ = {isa = PBXBuildFile; fileRef = 1A47E8C22392BF3C0085C93A /* libgeojson.a */; };
		1ACF5E8A2393C6E600FF6864 /* trashcans.cpp in Sources */ = {isa = PBXBuildFile; fileRef = 1ACF5E892393C6E600FF6864 /* trashcans.cpp */; };
		1AE237CC23B66D6D00FB2371 /* hmac.cpp in Sources */ = {isa = PBXBuildFile; fileRef = 1AE237CA23B66D6D00FB2371 /* hmac.cpp */; };
		1AE237D223B7A6E400FB2371 /* client.cpp in Sources */ = {isa = PBXBuildFile; fileRef = 1AE237D023B7A6E400FB2371 /* client.cpp */; };
/* End PBXBuildFile section */

/* Begin PBXCopyFilesBuildPhase section */
		1A17046E238EDFD6006726E1 /* CopyFiles */ = {
			isa = PBXCopyFilesBuildPhase;
			buildActionMask = 2147483647;
			dstPath = /usr/share/man/man1/;
			dstSubfolderSpec = 0;
			files = (
			);
			runOnlyForDeploymentPostprocessing = 1;
		};
/* End PBXCopyFilesBuildPhase section */

/* Begin PBXFileReference section */
		1A170470238EDFD6006726E1 /* hello_world */ = {isa = PBXFileReference; explicitFileType = "compiled.mach-o.executable"; includeInIndex = 0; path = hello_world; sourceTree = BUILT_PRODUCTS_DIR; };
		1A170473238EDFD6006726E1 /* main.cpp */ = {isa = PBXFileReference; lastKnownFileType = sourcecode.cpp.cpp; path = main.cpp; sourceTree = "<group>"; };
		1A47E8C22392BF3C0085C93A /* libgeojson.a */ = {isa = PBXFileReference; lastKnownFileType = archive.ar; name = libgeojson.a; path = "../../../../../../usr/local/Cellar/geojson-cpp/build/libgeojson.a"; sourceTree = "<group>"; };
		1A47E8C42392BF510085C93A /* geojson.o */ = {isa = PBXFileReference; lastKnownFileType = "compiled.mach-o.objfile"; name = geojson.o; path = "../../../../../../usr/local/Cellar/geojson-cpp/build/geojson.o"; sourceTree = "<group>"; };
		1A47E8C72393C6010085C93A /* trashcans.h */ = {isa = PBXFileReference; lastKnownFileType = sourcecode.c.h; path = trashcans.h; sourceTree = "<group>"; };
		1ACF5E892393C6E600FF6864 /* trashcans.cpp */ = {isa = PBXFileReference; lastKnownFileType = sourcecode.cpp.cpp; path = trashcans.cpp; sourceTree = "<group>"; };
		1AE237B923B392CC00FB2371 /* trashcan.h */ = {isa = PBXFileReference; lastKnownFileType = sourcecode.c.h; path = trashcan.h; sourceTree = "<group>"; };
		1AE237C023B5ED7A00FB2371 /* libaws-cpp-sdk-core.dylib */ = {isa = PBXFileReference; lastKnownFileType = "compiled.mach-o.dylib"; name = "libaws-cpp-sdk-core.dylib"; path = "../../../../../aws-sdk-cpp-master/aws-cpp-sdk-core/libaws-cpp-sdk-core.dylib"; sourceTree = "<group>"; };
		1AE237C223B5F03800FB2371 /* libaws-cpp-sdk-sdb.dylib */ = {isa = PBXFileReference; lastKnownFileType = "compiled.mach-o.dylib"; name = "libaws-cpp-sdk-sdb.dylib"; path = "../../../../../aws-sdk-cpp-master/aws-cpp-sdk-sdb/libaws-cpp-sdk-sdb.dylib"; sourceTree = "<group>"; };
		1AE237CA23B66D6D00FB2371 /* hmac.cpp */ = {isa = PBXFileReference; lastKnownFileType = sourcecode.cpp.cpp; path = hmac.cpp; sourceTree = "<group>"; };
		1AE237CB23B66D6D00FB2371 /* hmac.h */ = {isa = PBXFileReference; lastKnownFileType = sourcecode.c.h; path = hmac.h; sourceTree = "<group>"; };
		1AE237D023B7A6E400FB2371 /* client.cpp */ = {isa = PBXFileReference; lastKnownFileType = sourcecode.cpp.cpp; path = client.cpp; sourceTree = "<group>"; };
		1AE237D123B7A6E400FB2371 /* client.h */ = {isa = PBXFileReference; lastKnownFileType = sourcecode.c.h; path = client.h; sourceTree = "<group>"; };
/* End PBXFileReference section */

/* Begin PBXFrameworksBuildPhase section */
		1A17046D238EDFD6006726E1 /* Frameworks */ = {
			isa = PBXFrameworksBuildPhase;
			buildActionMask = 2147483647;
			files = (
				1A47E8C62392C2330085C93A /* libgeojson.a in Frameworks */,
			);
			runOnlyForDeploymentPostprocessing = 0;
		};
/* End PBXFrameworksBuildPhase section */

/* Begin PBXGroup section */
		1A170467238EDFD6006726E1 = {
			isa = PBXGroup;
			children = (
				1A170472238EDFD6006726E1 /* hello_world */,
				1A170471238EDFD6006726E1 /* Products */,
				1A47E8C12392BF3C0085C93A /* Frameworks */,
			);
			sourceTree = "<group>";
		};
		1A170471238EDFD6006726E1 /* Products */ = {
			isa = PBXGroup;
			children = (
				1A170470238EDFD6006726E1 /* hello_world */,
			);
			name = Products;
			sourceTree = "<group>";
		};
		1A170472238EDFD6006726E1 /* hello_world */ = {
			isa = PBXGroup;
			children = (
				1AE237C923B66D5500FB2371 /* utils */,
				1AE237BF23B5DDDE00FB2371 /* controllers */,
				1AE237BE23B3DE7B00FB2371 /* models */,
				1A170473238EDFD6006726E1 /* main.cpp */,
			);
			path = hello_world;
			sourceTree = "<group>";
		};
		1A47E8C12392BF3C0085C93A /* Frameworks */ = {
			isa = PBXGroup;
			children = (
				1AE237C223B5F03800FB2371 /* libaws-cpp-sdk-sdb.dylib */,
				1AE237C023B5ED7A00FB2371 /* libaws-cpp-sdk-core.dylib */,
				1A47E8C42392BF510085C93A /* geojson.o */,
				1A47E8C22392BF3C0085C93A /* libgeojson.a */,
			);
			name = Frameworks;
			sourceTree = "<group>";
		};
		1AE237BE23B3DE7B00FB2371 /* models */ = {
			isa = PBXGroup;
			children = (
				1AE237B923B392CC00FB2371 /* trashcan.h */,
			);
			path = models;
			sourceTree = "<group>";
		};
		1AE237BF23B5DDDE00FB2371 /* controllers */ = {
			isa = PBXGroup;
			children = (
				1A47E8C72393C6010085C93A /* trashcans.h */,
				1ACF5E892393C6E600FF6864 /* trashcans.cpp */,
			);
			path = controllers;
			sourceTree = "<group>";
		};
		1AE237C923B66D5500FB2371 /* utils */ = {
			isa = PBXGroup;
			children = (
				1AE237CA23B66D6D00FB2371 /* hmac.cpp */,
				1AE237CB23B66D6D00FB2371 /* hmac.h */,
				1AE237D023B7A6E400FB2371 /* client.cpp */,
				1AE237D123B7A6E400FB2371 /* client.h */,
			);
			path = utils;
			sourceTree = "<group>";
		};
/* End PBXGroup section */

/* Begin PBXNativeTarget section */
		1A17046F238EDFD6006726E1 /* hello_world */ = {
			isa = PBXNativeTarget;
			buildConfigurationList = 1A170477238EDFD6006726E1 /* Build configuration list for PBXNativeTarget "hello_world" */;
			buildPhases = (
				1A17046C238EDFD6006726E1 /* Sources */,
				1A17046D238EDFD6006726E1 /* Frameworks */,
				1A17046E238EDFD6006726E1 /* CopyFiles */,
			);
			buildRules = (
			);
			dependencies = (
			);
			name = hello_world;
			productName = hello_world;
			productReference = 1A170470238EDFD6006726E1 /* hello_world */;
			productType = "com.apple.product-type.tool";
		};
/* End PBXNativeTarget section */

/* Begin PBXProject section */
		1A170468238EDFD6006726E1 /* Project object */ = {
			isa = PBXProject;
			attributes = {
				LastUpgradeCheck = 1110;
				ORGANIZATIONNAME = avertsinskaya;
				TargetAttributes = {
					1A17046F238EDFD6006726E1 = {
						CreatedOnToolsVersion = 11.1;
					};
				};
			};
			buildConfigurationList = 1A17046B238EDFD6006726E1 /* Build configuration list for PBXProject "hello_world" */;
			compatibilityVersion = "Xcode 9.3";
			developmentRegion = en;
			hasScannedForEncodings = 0;
			knownRegions = (
				en,
				Base,
			);
			mainGroup = 1A170467238EDFD6006726E1;
			productRefGroup = 1A170471238EDFD6006726E1 /* Products */;
			projectDirPath = "";
			projectRoot = "";
			targets = (
				1A17046F238EDFD6006726E1 /* hello_world */,
			);
		};
/* End PBXProject section */

/* Begin PBXSourcesBuildPhase section */
		1A17046C238EDFD6006726E1 /* Sources */ = {
			isa = PBXSourcesBuildPhase;
			buildActionMask = 2147483647;
			files = (
				1A170474238EDFD6006726E1 /* main.cpp in Sources */,
				1AE237D223B7A6E400FB2371 /* client.cpp in Sources */,
				1ACF5E8A2393C6E600FF6864 /* trashcans.cpp in Sources */,
				1AE237CC23B66D6D00FB2371 /* hmac.cpp in Sources */,
			);
			runOnlyForDeploymentPostprocessing = 0;
		};
/* End PBXSourcesBuildPhase section */

/* Begin XCBuildConfiguration section */
		1A170475238EDFD6006726E1 /* Debug */ = {
			isa = XCBuildConfiguration;
			buildSettings = {
				ALWAYS_SEARCH_USER_PATHS = NO;
				CLANG_ANALYZER_NONNULL = YES;
				CLANG_ANALYZER_NUMBER_OBJECT_CONVERSION = YES_AGGRESSIVE;
				CLANG_CXX_LANGUAGE_STANDARD = "gnu++14";
				CLANG_CXX_LIBRARY = "libc++";
				CLANG_ENABLE_MODULES = YES;
				CLANG_ENABLE_OBJC_ARC = YES;
				CLANG_ENABLE_OBJC_WEAK = YES;
				CLANG_WARN_BLOCK_CAPTURE_AUTORELEASING = YES;
				CLANG_WARN_BOOL_CONVERSION = YES;
				CLANG_WARN_COMMA = YES;
				CLANG_WARN_CONSTANT_CONVERSION = YES;
				CLANG_WARN_DEPRECATED_OBJC_IMPLEMENTATIONS = YES;
				CLANG_WARN_DIRECT_OBJC_ISA_USAGE = YES_ERROR;
				CLANG_WARN_DOCUMENTATION_COMMENTS = YES;
				CLANG_WARN_EMPTY_BODY = YES;
				CLANG_WARN_ENUM_CONVERSION = YES;
				CLANG_WARN_INFINITE_RECURSION = YES;
				CLANG_WARN_INT_CONVERSION = YES;
				CLANG_WARN_NON_LITERAL_NULL_CONVERSION = YES;
				CLANG_WARN_OBJC_IMPLICIT_RETAIN_SELF = YES;
				CLANG_WARN_OBJC_LITERAL_CONVERSION = YES;
				CLANG_WARN_OBJC_ROOT_CLASS = YES_ERROR;
				CLANG_WARN_RANGE_LOOP_ANALYSIS = YES;
				CLANG_WARN_STRICT_PROTOTYPES = YES;
				CLANG_WARN_SUSPICIOUS_MOVE = YES;
				CLANG_WARN_UNGUARDED_AVAILABILITY = YES_AGGRESSIVE;
				CLANG_WARN_UNREACHABLE_CODE = YES;
				CLANG_WARN__DUPLICATE_METHOD_MATCH = YES;
				COPY_PHASE_STRIP = NO;
				DEBUG_INFORMATION_FORMAT = dwarf;
				ENABLE_STRICT_OBJC_MSGSEND = YES;
				ENABLE_TESTABILITY = YES;
				GCC_C_LANGUAGE_STANDARD = gnu11;
				GCC_DYNAMIC_NO_PIC = NO;
				GCC_NO_COMMON_BLOCKS = YES;
				GCC_OPTIMIZATION_LEVEL = 0;
				GCC_PREPROCESSOR_DEFINITIONS = (
					"DEBUG=1",
					"$(inherited)",
				);
				GCC_WARN_64_TO_32_BIT_CONVERSION = YES;
				GCC_WARN_ABOUT_RETURN_TYPE = YES_ERROR;
				GCC_WARN_UNDECLARED_SELECTOR = YES;
				GCC_WARN_UNINITIALIZED_AUTOS = YES_AGGRESSIVE;
				GCC_WARN_UNUSED_FUNCTION = YES;
				GCC_WARN_UNUSED_VARIABLE = YES;
				MACOSX_DEPLOYMENT_TARGET = 10.14;
				MTL_ENABLE_DEBUG_INFO = INCLUDE_SOURCE;
				MTL_FAST_MATH = YES;
				ONLY_ACTIVE_ARCH = YES;
				SDKROOT = macosx;
			};
			name = Debug;
		};
		1A170476238EDFD6006726E1 /* Release */ = {
			isa = XCBuildConfiguration;
			buildSettings = {
				ALWAYS_SEARCH_USER_PATHS = NO;
				CLANG_ANALYZER_NONNULL = YES;
				CLANG_ANALYZER_NUMBER_OBJECT_CONVERSION = YES_AGGRESSIVE;
				CLANG_CXX_LANGUAGE_STANDARD = "gnu++14";
				CLANG_CXX_LIBRARY = "libc++";
				CLANG_ENABLE_MODULES = YES;
				CLANG_ENABLE_OBJC_ARC = YES;
				CLANG_ENABLE_OBJC_WEAK = YES;
				CLANG_WARN_BLOCK_CAPTURE_AUTORELEASING = YES;
				CLANG_WARN_BOOL_CONVERSION = YES;
				CLANG_WARN_COMMA = YES;
				CLANG_WARN_CONSTANT_CONVERSION = YES;
				CLANG_WARN_DEPRECATED_OBJC_IMPLEMENTATIONS = YES;
				CLANG_WARN_DIRECT_OBJC_ISA_USAGE = YES_ERROR;
				CLANG_WARN_DOCUMENTATION_COMMENTS = YES;
				CLANG_WARN_EMPTY_BODY = YES;
				CLANG_WARN_ENUM_CONVERSION = YES;
				CLANG_WARN_INFINITE_RECURSION = YES;
				CLANG_WARN_INT_CONVERSION = YES;
				CLANG_WARN_NON_LITERAL_NULL_CONVERSION = YES;
				CLANG_WARN_OBJC_IMPLICIT_RETAIN_SELF = YES;
				CLANG_WARN_OBJC_LITERAL_CONVERSION = YES;
				CLANG_WARN_OBJC_ROOT_CLASS = YES_ERROR;
				CLANG_WARN_RANGE_LOOP_ANALYSIS = YES;
				CLANG_WARN_STRICT_PROTOTYPES = YES;
				CLANG_WARN_SUSPICIOUS_MOVE = YES;
				CLANG_WARN_UNGUARDED_AVAILABILITY = YES_AGGRESSIVE;
				CLANG_WARN_UNREACHABLE_CODE = YES;
				CLANG_WARN__DUPLICATE_METHOD_MATCH = YES;
				COPY_PHASE_STRIP = NO;
				DEBUG_INFORMATION_FORMAT = "dwarf-with-dsym";
				ENABLE_NS_ASSERTIONS = NO;
				ENABLE_STRICT_OBJC_MSGSEND = YES;
				GCC_C_LANGUAGE_STANDARD = gnu11;
				GCC_NO_COMMON_BLOCKS = YES;
				GCC_WARN_64_TO_32_BIT_CONVERSION = YES;
				GCC_WARN_ABOUT_RETURN_TYPE = YES_ERROR;
				GCC_WARN_UNDECLARED_SELECTOR = YES;
				GCC_WARN_UNINITIALIZED_AUTOS = YES_AGGRESSIVE;
				GCC_WARN_UNUSED_FUNCTION = YES;
				GCC_WARN_UNUSED_VARIABLE = YES;
				MACOSX_DEPLOYMENT_TARGET = 10.14;
				MTL_ENABLE_DEBUG_INFO = NO;
				MTL_FAST_MATH = YES;
				SDKROOT = macosx;
			};
			name = Release;
		};
		1A170478238EDFD6006726E1 /* Debug */ = {
			isa = XCBuildConfiguration;
			buildSettings = {
				CODE_SIGN_STYLE = Automatic;
				HEADER_SEARCH_PATHS = (
					/usr/local/Cellar/rapidjson/1.1.0/include,
					/usr/local/Cellar/variant/include,
					/usr/local/Cellar/cppcms/1.2.1/include,
					"/usr/local/Cellar/geometry.hpp-master/include",
					"/usr/local/Cellar/geojson-cpp/include",
					/usr/local/Cellar/poco/1.9.4/include,
					/usr/local/Cellar/cryptopp/8.1.0/include,
					/usr/local/Cellar/openssl/1.0.2r/include,
				);
				LD_RUNPATH_SEARCH_PATHS = /usr/local/Cellar/poco/1.9.4/lib;
				LIBRARY_SEARCH_PATHS = (
					/usr/local/Cellar/cppcms/1.2.1/lib,
					"/usr/local/Cellar/geojson-cpp/build",
					/usr/local/Cellar/poco/1.9.4/lib,
				);
				OTHER_LDFLAGS = (
					"-lcppcms",
					"-lPocoFoundation",
					"-lPocoCrypto",
					"-lPocoNet",
				);
				PRODUCT_NAME = "$(TARGET_NAME)";
			};
			name = Debug;
		};
		1A170479238EDFD6006726E1 /* Release */ = {
			isa = XCBuildConfiguration;
			buildSettings = {
				CODE_SIGN_STYLE = Automatic;
				HEADER_SEARCH_PATHS = (
					/usr/local/Cellar/rapidjson/1.1.0/include,
					/usr/local/Cellar/variant/include,
					/usr/local/Cellar/cppcms/1.2.1/include,
					"/usr/local/Cellar/geometry.hpp-master/include",
					"/usr/local/Cellar/geojson-cpp/include",
					/usr/local/Cellar/poco/1.9.4/include,
					/usr/local/Cellar/cryptopp/8.1.0/include,
					/usr/local/Cellar/openssl/1.0.2r/include,
				);
				LD_RUNPATH_SEARCH_PATHS = /usr/local/Cellar/poco/1.9.4/lib;
				LIBRARY_SEARCH_PATHS = (
					/usr/local/Cellar/cppcms/1.2.1/lib,
					"/usr/local/Cellar/geojson-cpp/build",
					/usr/local/Cellar/poco/1.9.4/lib,
				);
				OTHER_LDFLAGS = (
					"-lcppcms",
					"-lPocoFoundation",
					"-lPocoCrypto",
					"-lPocoNet",
				);
				PRODUCT_NAME = "$(TARGET_NAME)";
			};
			name = Release;
		};
/* End XCBuildConfiguration section */

/* Begin XCConfigurationList section */
		1A17046B238EDFD6006726E1 /* Build configuration list for PBXProject "hello_world" */ = {
			isa = XCConfigurationList;
			buildConfigurations = (
				1A170475238EDFD6006726E1 /* Debug */,
				1A170476238EDFD6006726E1 /* Release */,
			);
			defaultConfigurationIsVisible = 0;
			defaultConfigurationName = Release;
		};
		1A170477238EDFD6006726E1 /* Build configuration list for PBXNativeTarget "hello_world" */ = {
			isa = XCConfigurationList;
			buildConfigurations = (
				1A170478238EDFD6006726E1 /* Debug */,
				1A170479238EDFD6006726E1 /* Release */,
			);
			defaultConfigurationIsVisible = 0;
			defaultConfigurationName = Release;
		};
/* End XCConfigurationList section */
	};
	rootObject = 1A170468238EDFD6006726E1 /* Project object */;
}
